
Microsoft Visual Studio Solution File, Format Version 12.00
# Visual Studio Version 17
VisualStudioVersion = 17.7.34202.233
MinimumVisualStudioVersion = 10.0.40219.1
Project("{9A19103F-16F7-4668-BE54-9A1E7A4F7556}") = "StayManager.API", "WebApplication1\StayManager.API.csproj", "{8B727B50-1DED-4840-A314-B7E371E3596E}"
EndProject
Project("{9A19103F-16F7-4668-BE54-9A1E7A4F7556}") = "StayManager.Core", "StayManager.Core\StayManager.Core.csproj", "{C90D7678-B851-4F77-9A75-22ABABBEC084}"
EndProject
Project("{9A19103F-16F7-4668-BE54-9A1E7A4F7556}") = "StayManager.Data", "StayManager.Data\StayManager.Data.csproj", "{86155267-75B4-4A77-87E1-B17390E88554}"
EndProject
Global
	GlobalSection(SolutionConfigurationPlatforms) = preSolution
		Debug|Any CPU = Debug|Any CPU
		Release|Any CPU = Release|Any CPU
	EndGlobalSection
	GlobalSection(ProjectConfigurationPlatforms) = postSolution
		{8B727B50-1DED-4840-A314-B7E371E3596E}.Debug|Any CPU.ActiveCfg = Debug|Any CPU
		{8B727B50-1DED-4840-A314-B7E371E3596E}.Debug|Any CPU.Build.0 = Debug|Any CPU
		{8B727B50-1DED-4840-A314-B7E371E3596E}.Release|Any CPU.ActiveCfg = Release|Any CPU
		{8B727B50-1DED-4840-A314-B7E371E3596E}.Release|Any CPU.Build.0 = Release|Any CPU
		{C90D7678-B851-4F77-9A75-22ABABBEC084}.Debug|Any CPU.ActiveCfg = Debug|Any CPU
		{C90D7678-B851-4F77-9A75-22ABABBEC084}.Debug|Any CPU.Build.0 = Debug|Any CPU
		{C90D7678-B851-4F77-9A75-22ABABBEC084}.Release|Any CPU.ActiveCfg = Release|Any CPU
		{C90D7678-B851-4F77-9A75-22ABABBEC084}.Release|Any CPU.Build.0 = Release|Any CPU
		{86155267-75B4-4A77-87E1-B17390E88554}.Debug|Any CPU.ActiveCfg = Debug|Any CPU
		{86155267-75B4-4A77-87E1-B17390E88554}.Debug|Any CPU.Build.0 = Debug|Any CPU
		{86155267-75B4-4A77-87E1-B17390E88554}.Release|Any CPU.ActiveCfg = Release|Any CPU
		{86155267-75B4-4A77-87E1-B17390E88554}.Release|Any CPU.Build.0 = Release|Any CPU
	EndGlobalSection
	GlobalSection(SolutionProperties) = preSolution
		HideSolutionNode = FALSE
	EndGlobalSection
	GlobalSection(ExtensibilityGlobals) = postSolution
		SolutionGuid = {0A52EBD5-96CE-475C-AE2A-08BC82AB0CC3}
	EndGlobalSection
EndGlobal
